{
  "name": "@whatsapp-crm/media-compression-lambda",
  "version": "1.0.0",
  "lockfileVersion": 3,
  "requires": true,
  "packages": {
    "": {
      "name": "@whatsapp-crm/media-compression-lambda",
      "version": "1.0.0",
      "dependencies": {
        "@aws-sdk/client-s3": "^3.450.0",
        "@sparticuz/chromium": "^143.0.4",
        "puppeteer-core": "^24.0.0"
      },
      "devDependencies": {
        "@types/aws-lambda": "^8.10.131",
        "@types/node": "^20.10.0",
        "esbuild": "^0.19.0",
        "typescript": "~5.3.3"
      }
    },
    "../../../node_modules/.pnpm/@aws-sdk+client-s3@3.948.0/node_modules/@aws-sdk/client-s3": {
      "version": "3.948.0",
      "license": "Apache-2.0",
      "dependencies": {
        "@aws-crypto/sha1-browser": "5.2.0",
        "@aws-crypto/sha256-browser": "5.2.0",
        "@aws-crypto/sha256-js": "5.2.0",
        "@aws-sdk/core": "3.947.0",
        "@aws-sdk/credential-provider-node": "3.948.0",
        "@aws-sdk/middleware-bucket-endpoint": "3.936.0",
        "@aws-sdk/middleware-expect-continue": "3.936.0",
        "@aws-sdk/middleware-flexible-checksums": "3.947.0",
        "@aws-sdk/middleware-host-header": "3.936.0",
        "@aws-sdk/middleware-location-constraint": "3.936.0",
        "@aws-sdk/middleware-logger": "3.936.0",
        "@aws-sdk/middleware-recursion-detection": "3.948.0",
        "@aws-sdk/middleware-sdk-s3": "3.947.0",
        "@aws-sdk/middleware-ssec": "3.936.0",
        "@aws-sdk/middleware-user-agent": "3.947.0",
        "@aws-sdk/region-config-resolver": "3.936.0",
        "@aws-sdk/signature-v4-multi-region": "3.947.0",
        "@aws-sdk/types": "3.936.0",
        "@aws-sdk/util-endpoints": "3.936.0",
        "@aws-sdk/util-user-agent-browser": "3.936.0",
        "@aws-sdk/util-user-agent-node": "3.947.0",
        "@smithy/config-resolver": "^4.4.3",
        "@smithy/core": "^3.18.7",
        "@smithy/eventstream-serde-browser": "^4.2.5",
        "@smithy/eventstream-serde-config-resolver": "^4.3.5",
        "@smithy/eventstream-serde-node": "^4.2.5",
        "@smithy/fetch-http-handler": "^5.3.6",
        "@smithy/hash-blob-browser": "^4.2.6",
        "@smithy/hash-node": "^4.2.5",
        "@smithy/hash-stream-node": "^4.2.5",
        "@smithy/invalid-dependency": "^4.2.5",
        "@smithy/md5-js": "^4.2.5",
        "@smithy/middleware-content-length": "^4.2.5",
        "@smithy/middleware-endpoint": "^4.3.14",
        "@smithy/middleware-retry": "^4.4.14",
        "@smithy/middleware-serde": "^4.2.6",
        "@smithy/middleware-stack": "^4.2.5",
        "@smithy/node-config-provider": "^4.3.5",
        "@smithy/node-http-handler": "^4.4.5",
        "@smithy/protocol-http": "^5.3.5",
        "@smithy/smithy-client": "^4.9.10",
        "@smithy/types": "^4.9.0",
        "@smithy/url-parser": "^4.2.5",
        "@smithy/util-base64": "^4.3.0",
        "@smithy/util-body-length-browser": "^4.2.0",
        "@smithy/util-body-length-node": "^4.2.1",
        "@smithy/util-defaults-mode-browser": "^4.3.13",
        "@smithy/util-defaults-mode-node": "^4.2.16",
        "@smithy/util-endpoints": "^3.2.5",
        "@smithy/util-middleware": "^4.2.5",
        "@smithy/util-retry": "^4.2.5",
        "@smithy/util-stream": "^4.5.6",
        "@smithy/util-utf8": "^4.2.0",
        "@smithy/util-waiter": "^4.2.5",
        "tslib": "^2.6.2"
      },
      "devDependencies": {
        "@aws-sdk/signature-v4-crt": "3.947.0",
        "@tsconfig/node18": "18.2.4",
        "@types/node": "^18.19.69",
        "concurrently": "7.0.0",
        "downlevel-dts": "0.10.1",
        "rimraf": "3.0.2",
        "typescript": "~5.8.3"
      },
      "engines": {
        "node": ">=18.0.0"
      }
    },
    "../../../node_modules/.pnpm/@sparticuz+chromium@143.0.4/node_modules/@sparticuz/chromium": {
      "version": "143.0.4",
      "license": "MIT",
      "dependencies": {
        "follow-redirects": "^1.15.11",
        "tar-fs": "^3.1.1"
      },
      "devDependencies": {
        "@sparticuz/eslint-config": "^10.1.2",
        "@tsconfig/node20": "^20.1.8",
        "@tsconfig/strictest": "^2.0.8",
        "@types/follow-redirects": "^1.14.4",
        "@types/node": "^20.19.27",
        "@types/tar-fs": "^2.0.4",
        "@vitest/coverage-v8": "^4.0.16",
        "clean-modules": "^3.1.1",
        "eslint": "^9.39.2",
        "puppeteer-core": "^24.34.0",
        "typescript": "^5.9.3",
        "typescript-eslint": "^8.51.0",
        "vitest": "^4.0.16"
      },
      "engines": {
        "node": ">=20.11.0"
      }
    },
    "../../../node_modules/.pnpm/@types+aws-lambda@8.10.159/node_modules/@types/aws-lambda": {
      "version": "8.10.159",
      "dev": true,
      "license": "MIT"
    },
    "../../../node_modules/.pnpm/puppeteer-core@24.34.0/node_modules/puppeteer-core": {
      "version": "24.34.0",
      "license": "Apache-2.0",
      "dependencies": {
        "@puppeteer/browsers": "2.11.0",
        "chromium-bidi": "12.0.1",
        "debug": "^4.4.3",
        "devtools-protocol": "0.0.1534754",
        "typed-query-selector": "^2.12.0",
        "webdriver-bidi-protocol": "0.3.10",
        "ws": "^8.18.3"
      },
      "devDependencies": {
        "@types/chrome": "0.1.32",
        "@types/debug": "4.1.12",
        "@types/node": "^18.17.15",
        "@types/ws": "8.18.1",
        "mitt": "3.0.1",
        "parsel-js": "1.2.2",
        "rxjs": "7.8.2"
      },
      "engines": {
        "node": ">=18"
      }
    },
    "node_modules/@aws-sdk/client-s3": {
      "resolved": "../../../node_modules/.pnpm/@aws-sdk+client-s3@3.948.0/node_modules/@aws-sdk/client-s3",
      "link": true
    },
    "node_modules/@esbuild/win32-x64": {
      "version": "0.19.12",
      "cpu": [
        "x64"
      ],
      "dev": true,
      "license": "MIT",
      "optional": true,
      "os": [
        "win32"
      ],
      "engines": {
        "node": ">=12"
      }
    },
    "node_modules/@sparticuz/chromium": {
      "resolved": "../../../node_modules/.pnpm/@sparticuz+chromium@143.0.4/node_modules/@sparticuz/chromium",
      "link": true
    },
    "node_modules/@types/aws-lambda": {
      "resolved": "../../../node_modules/.pnpm/@types+aws-lambda@8.10.159/node_modules/@types/aws-lambda",
      "link": true
    },
    "node_modules/@types/node": {
      "version": "20.19.27",
      "dev": true,
      "license": "MIT",
      "dependencies": {
        "undici-types": "~6.21.0"
      }
    },
    "node_modules/esbuild": {
      "version": "0.19.12",
      "dev": true,
      "hasInstallScript": true,
      "license": "MIT",
      "bin": {
        "esbuild": "bin/esbuild"
      },
      "engines": {
        "node": ">=12"
      },
      "optionalDependencies": {
        "@esbuild/aix-ppc64": "0.19.12",
        "@esbuild/android-arm": "0.19.12",
        "@esbuild/android-arm64": "0.19.12",
        "@esbuild/android-x64": "0.19.12",
        "@esbuild/darwin-arm64": "0.19.12",
        "@esbuild/darwin-x64": "0.19.12",
        "@esbuild/freebsd-arm64": "0.19.12",
        "@esbuild/freebsd-x64": "0.19.12",
        "@esbuild/linux-arm": "0.19.12",
        "@esbuild/linux-arm64": "0.19.12",
        "@esbuild/linux-ia32": "0.19.12",
        "@esbuild/linux-loong64": "0.19.12",
        "@esbuild/linux-mips64el": "0.19.12",
        "@esbuild/linux-ppc64": "0.19.12",
        "@esbuild/linux-riscv64": "0.19.12",
        "@esbuild/linux-s390x": "0.19.12",
        "@esbuild/linux-x64": "0.19.12",
        "@esbuild/netbsd-x64": "0.19.12",
        "@esbuild/openbsd-x64": "0.19.12",
        "@esbuild/sunos-x64": "0.19.12",
        "@esbuild/win32-arm64": "0.19.12",
        "@esbuild/win32-ia32": "0.19.12",
        "@esbuild/win32-x64": "0.19.12"
      }
    },
    "node_modules/puppeteer-core": {
      "resolved": "../../../node_modules/.pnpm/puppeteer-core@24.34.0/node_modules/puppeteer-core",
      "link": true
    },
    "node_modules/typescript": {
      "version": "5.3.3",
      "dev": true,
      "license": "Apache-2.0",
      "bin": {
        "tsc": "bin/tsc",
        "tsserver": "bin/tsserver"
      },
      "engines": {
        "node": ">=14.17"
      }
    },
    "node_modules/undici-types": {
      "version": "6.21.0",
      "resolved": "https://registry.npmjs.org/undici-types/-/undici-types-6.21.0.tgz",
      "integrity": "sha512-iwDZqg0QAGrg9Rav5H4n0M64c3mkR59cJ6wQp+7C4nI0gsmExaedaYLNO44eT4AtBBwjbTiGPMlt2Md0T9H9JQ==",
      "dev": true,
      "license": "MIT"
    }
  }
}
